
Microsoft Visual Studio Solution File, Format Version 12.00
# Visual Studio 15
VisualStudioVersion = 15.0.28307.572
MinimumVisualStudioVersion = 10.0.40219.1
Project("{FAE04EC0-301F-11D3-BF4B-00C04F79EFBC}") = "RepositoryPattern", "RepositoryPattern\RepositoryPattern.csproj", "{97DFCFF4-2B02-490E-808E-9389FD47E547}"
EndProject
Global
	GlobalSection(SolutionConfigurationPlatforms) = preSolution
		Debug|Any CPU = Debug|Any CPU
		Release|Any CPU = Release|Any CPU
	EndGlobalSection
	GlobalSection(ProjectConfigurationPlatforms) = postSolution
		{97DFCFF4-2B02-490E-808E-9389FD47E547}.Debug|Any CPU.ActiveCfg = Debug|Any CPU
		{97DFCFF4-2B02-490E-808E-9389FD47E547}.Debug|Any CPU.Build.0 = Debug|Any CPU
		{97DFCFF4-2B02-490E-808E-9389FD47E547}.Release|Any CPU.ActiveCfg = Release|Any CPU
		{97DFCFF4-2B02-490E-808E-9389FD47E547}.Release|Any CPU.Build.0 = Release|Any CPU
	EndGlobalSection
	GlobalSection(SolutionProperties) = preSolution
		HideSolutionNode = FALSE
	EndGlobalSection
	GlobalSection(ExtensibilityGlobals) = postSolution
		SolutionGuid = {E75CFEB0-982F-4F2A-AE2C-836F04AF982B}
	EndGlobalSection
EndGlobal
